// !$*UTF8*$!
{
	archiveVersion = 1;
	classes = {
	};
	objectVersion = 77;
	objects = {

/* Begin PBXBuildFile section */
		AE09CE472ED911F6007A720C /* GoogleSignIn in Frameworks */ = {isa = PBXBuildFile; productRef = AE09CE462ED911F6007A720C /* GoogleSignIn */; };
		AE09CE492ED911F6007A720C /* GoogleSignInSwift in Frameworks */ = {isa = PBXBuildFile; productRef = AE09CE482ED911F6007A720C /* GoogleSignInSwift */; };
		AEF000032EBEF8FC001ACEAA /* EmptyMyInboxShared in Frameworks */ = {isa = PBXBuildFile; productRef = AEF000022EBEF8FC001ACEAA /* EmptyMyInboxShared */; };
		AEF000042EBEF8FC001ACEAA /* EmptyMyInboxShared in Frameworks */ = {isa = PBXBuildFile; productRef = AEF000022EBEF8FC001ACEAA /* EmptyMyInboxShared */; };
/* End PBXBuildFile section */

/* Begin PBXContainerItemProxy section */
		AECED5842EBEF8FC001ACEAA /* PBXContainerItemProxy */ = {
			isa = PBXContainerItemProxy;
			containerPortal = AECED56E2EBEF8FA001ACEAA /* Project object */;
			proxyType = 1;
			remoteGlobalIDString = AECED5752EBEF8FA001ACEAA;
			remoteInfo = emptyMyInbox;
		};
		AECED58E2EBEF8FC001ACEAA /* PBXContainerItemProxy */ = {
			isa = PBXContainerItemProxy;
			containerPortal = AECED56E2EBEF8FA001ACEAA /* Project object */;
			proxyType = 1;
			remoteGlobalIDString = AECED5752EBEF8FA001ACEAA;
			remoteInfo = emptyMyInbox;
		};
/* End PBXContainerItemProxy section */

/* Begin PBXFileReference section */
		AECED5762EBEF8FA001ACEAA /* emptyMyInbox.app */ = {isa = PBXFileReference; explicitFileType = wrapper.application; includeInIndex = 0; path = emptyMyInbox.app; sourceTree = BUILT_PRODUCTS_DIR; };
		AECED5832EBEF8FC001ACEAA /* emptyMyInboxTests.xctest */ = {isa = PBXFileReference; explicitFileType = wrapper.cfbundle; includeInIndex = 0; path = emptyMyInboxTests.xctest; sourceTree = BUILT_PRODUCTS_DIR; };
		AECED58D2EBEF8FC001ACEAA /* emptyMyInboxUITests.xctest */ = {isa = PBXFileReference; explicitFileType = wrapper.cfbundle; includeInIndex = 0; path = emptyMyInboxUITests.xctest; sourceTree = BUILT_PRODUCTS_DIR; };
/* End PBXFileReference section */

/* Begin PBXFileSystemSynchronizedRootGroup section */
		AECED5782EBEF8FA001ACEAA /* emptyMyInbox */ = {
			isa = PBXFileSystemSynchronizedRootGroup;
			path = emptyMyInbox;
			sourceTree = "<group>";
		};
		AECED5862EBEF8FC001ACEAA /* emptyMyInboxTests */ = {
			isa = PBXFileSystemSynchronizedRootGroup;
			path = emptyMyInboxTests;
			sourceTree = "<group>";
		};
		AECED5902EBEF8FC001ACEAA /* emptyMyInboxUITests */ = {
			isa = PBXFileSystemSynchronizedRootGroup;
			path = emptyMyInboxUITests;
			sourceTree = "<group>";
		};
/* End PBXFileSystemSynchronizedRootGroup section */

/* Begin PBXFrameworksBuildPhase section */
		AECED5732EBEF8FA001ACEAA /* Frameworks */ = {
			isa = PBXFrameworksBuildPhase;
			buildActionMask = 2147483647;
			files = (
				AE09CE472ED911F6007A720C /* GoogleSignIn in Frameworks */,
				AE09CE492ED911F6007A720C /* GoogleSignInSwift in Frameworks */,
				AEF000032EBEF8FC001ACEAA /* EmptyMyInboxShared in Frameworks */,
			);
			runOnlyForDeploymentPostprocessing = 0;
		};
		AECED5802EBEF8FC001ACEAA /* Frameworks */ = {
			isa = PBXFrameworksBuildPhase;
			buildActionMask = 2147483647;
			files = (
				AEF000042EBEF8FC001ACEAA /* EmptyMyInboxShared in Frameworks */,
			);
			runOnlyForDeploymentPostprocessing = 0;
		};
		AECED58A2EBEF8FC001ACEAA /* Frameworks */ = {
			isa = PBXFrameworksBuildPhase;
			buildActionMask = 2147483647;
			files = (
			);
			runOnlyForDeploymentPostprocessing = 0;
		};
/* End PBXFrameworksBuildPhase section */

/* Begin PBXGroup section */
		AECED56D2EBEF8FA001ACEAA = {
			isa = PBXGroup;
			children = (
				AECED5782EBEF8FA001ACEAA /* emptyMyInbox */,
				AECED5862EBEF8FC001ACEAA /* emptyMyInboxTests */,
				AECED5902EBEF8FC001ACEAA /* emptyMyInboxUITests */,
				AECED5772EBEF8FA001ACEAA /* Products */,
			);
			sourceTree = "<group>";
		};
		AECED5772EBEF8FA001ACEAA /* Products */ = {
			isa = PBXGroup;
			children = (
				AECED5762EBEF8FA001ACEAA /* emptyMyInbox.app */,
				AECED5832EBEF8FC001ACEAA /* emptyMyInboxTests.xctest */,
				AECED58D2EBEF8FC001ACEAA /* emptyMyInboxUITests.xctest */,
			);
			name = Products;
			sourceTree = "<group>";
		};
/* End PBXGroup section */

/* Begin PBXNativeTarget section */
		AECED5752EBEF8FA001ACEAA /* emptyMyInbox */ = {
			isa = PBXNativeTarget;
			buildConfigurationList = AECED5972EBEF8FC001ACEAA /* Build configuration list for PBXNativeTarget "emptyMyInbox" */;
			buildPhases = (
				AECED5722EBEF8FA001ACEAA /* Sources */,
				AECED5732EBEF8FA001ACEAA /* Frameworks */,
				AECED5742EBEF8FA001ACEAA /* Resources */,
			);
			buildRules = (
			);
			dependencies = (
			);
			fileSystemSynchronizedGroups = (
				AECED5782EBEF8FA001ACEAA /* emptyMyInbox */,
			);
			name = emptyMyInbox;
			packageProductDependencies = (
				AE09CE462ED911F6007A720C /* GoogleSignIn */,
				AE09CE482ED911F6007A720C /* GoogleSignInSwift */,
				AEF000022EBEF8FC001ACEAA /* EmptyMyInboxShared */,
			);
			productName = emptyMyInbox;
			productReference = AECED5762EBEF8FA001ACEAA /* emptyMyInbox.app */;
			productType = "com.apple.product-type.application";
		};
		AECED5822EBEF8FC001ACEAA /* emptyMyInboxTests */ = {
			isa = PBXNativeTarget;
			buildConfigurationList = AECED59A2EBEF8FC001ACEAA /* Build configuration list for PBXNativeTarget "emptyMyInboxTests" */;
			buildPhases = (
				AECED57F2EBEF8FC001ACEAA /* Sources */,
				AECED5802EBEF8FC001ACEAA /* Frameworks */,
				AECED5812EBEF8FC001ACEAA /* Resources */,
			);
			buildRules = (
			);
			dependencies = (
				AECED5852EBEF8FC001ACEAA /* PBXTargetDependency */,
			);
			fileSystemSynchronizedGroups = (
				AECED5862EBEF8FC001ACEAA /* emptyMyInboxTests */,
			);
			name = emptyMyInboxTests;
			packageProductDependencies = (
				AEF000022EBEF8FC001ACEAA /* EmptyMyInboxShared */,
			);
			productName = emptyMyInboxTests;
			productReference = AECED5832EBEF8FC001ACEAA /* emptyMyInboxTests.xctest */;
			productType = "com.apple.product-type.bundle.unit-test";
		};
		AECED58C2EBEF8FC001ACEAA /* emptyMyInboxUITests */ = {
			isa = PBXNativeTarget;
			buildConfigurationList = AECED59D2EBEF8FC001ACEAA /* Build configuration list for PBXNativeTarget "emptyMyInboxUITests" */;
			buildPhases = (
				AECED5892EBEF8FC001ACEAA /* Sources */,
				AECED58A2EBEF8FC001ACEAA /* Frameworks */,
				AECED58B2EBEF8FC001ACEAA /* Resources */,
			);
			buildRules = (
			);
			dependencies = (
				AECED58F2EBEF8FC001ACEAA /* PBXTargetDependency */,
			);
			fileSystemSynchronizedGroups = (
				AECED5902EBEF8FC001ACEAA /* emptyMyInboxUITests */,
			);
			name = emptyMyInboxUITests;
			packageProductDependencies = (
			);
			productName = emptyMyInboxUITests;
			productReference = AECED58D2EBEF8FC001ACEAA /* emptyMyInboxUITests.xctest */;
			productType = "com.apple.product-type.bundle.ui-testing";
		};
/* End PBXNativeTarget section */

/* Begin PBXProject section */
		AECED56E2EBEF8FA001ACEAA /* Project object */ = {
			isa = PBXProject;
			attributes = {
				BuildIndependentTargetsInParallel = 1;
				LastSwiftUpdateCheck = 1640;
				LastUpgradeCheck = 1640;
				TargetAttributes = {
					AECED5752EBEF8FA001ACEAA = {
						CreatedOnToolsVersion = 16.4;
					};
					AECED5822EBEF8FC001ACEAA = {
						CreatedOnToolsVersion = 16.4;
						TestTargetID = AECED5752EBEF8FA001ACEAA;
					};
					AECED58C2EBEF8FC001ACEAA = {
						CreatedOnToolsVersion = 16.4;
						TestTargetID = AECED5752EBEF8FA001ACEAA;
					};
				};
			};
			buildConfigurationList = AECED5712EBEF8FA001ACEAA /* Build configuration list for PBXProject "emptyMyInbox" */;
			developmentRegion = en;
			hasScannedForEncodings = 0;
			knownRegions = (
				en,
				Base,
			);
			mainGroup = AECED56D2EBEF8FA001ACEAA;
			minimizedProjectReferenceProxies = 1;
			packageReferences = (
				AE09CE452ED911F6007A720C /* XCRemoteSwiftPackageReference "GoogleSignIn-iOS" */,
				AEF000012EBEF8FC001ACEAA /* XCLocalSwiftPackageReference "EmptyMyInboxShared" */,
			);
			preferredProjectObjectVersion = 77;
			productRefGroup = AECED5772EBEF8FA001ACEAA /* Products */;
			projectDirPath = "";
			projectRoot = "";
			targets = (
				AECED5752EBEF8FA001ACEAA /* emptyMyInbox */,
				AECED5822EBEF8FC001ACEAA /* emptyMyInboxTests */,
				AECED58C2EBEF8FC001ACEAA /* emptyMyInboxUITests */,
			);
		};
/* End PBXProject section */

/* Begin PBXResourcesBuildPhase section */
		AECED5742EBEF8FA001ACEAA /* Resources */ = {
			isa = PBXResourcesBuildPhase;
			buildActionMask = 2147483647;
			files = (
			);
			runOnlyForDeploymentPostprocessing = 0;
		};
		AECED5812EBEF8FC001ACEAA /* Resources */ = {
			isa = PBXResourcesBuildPhase;
			buildActionMask = 2147483647;
			files = (
			);
			runOnlyForDeploymentPostprocessing = 0;
		};
		AECED58B2EBEF8FC001ACEAA /* Resources */ = {
			isa = PBXResourcesBuildPhase;
			buildActionMask = 2147483647;
			files = (
			);
			runOnlyForDeploymentPostprocessing = 0;
		};
/* End PBXResourcesBuildPhase section */

/* Begin PBXSourcesBuildPhase section */
		AECED5722EBEF8FA001ACEAA /* Sources */ = {
			isa = PBXSourcesBuildPhase;
			buildActionMask = 2147483647;
			files = (
			);
			runOnlyForDeploymentPostprocessing = 0;
		};
		AECED57F2EBEF8FC001ACEAA /* Sources */ = {
			isa = PBXSourcesBuildPhase;
			buildActionMask = 2147483647;
			files = (
			);
			runOnlyForDeploymentPostprocessing = 0;
		};
		AECED5892EBEF8FC001ACEAA /* Sources */ = {
			isa = PBXSourcesBuildPhase;
			buildActionMask = 2147483647;
			files = (
			);
			runOnlyForDeploymentPostprocessing = 0;
		};
/* End PBXSourcesBuildPhase section */

/* Begin PBXTargetDependency section */
		AECED5852EBEF8FC001ACEAA /* PBXTargetDependency */ = {
			isa = PBXTargetDependency;
			target = AECED5752EBEF8FA001ACEAA /* emptyMyInbox */;
			targetProxy = AECED5842EBEF8FC001ACEAA /* PBXContainerItemProxy */;
		};
		AECED58F2EBEF8FC001ACEAA /* PBXTargetDependency */ = {
			isa = PBXTargetDependency;
			target = AECED5752EBEF8FA001ACEAA /* emptyMyInbox */;
			targetProxy = AECED58E2EBEF8FC001ACEAA /* PBXContainerItemProxy */;
		};
/* End PBXTargetDependency section */

/* Begin XCBuildConfiguration section */
		AECED5952EBEF8FC001ACEAA /* Debug */ = {
			isa = XCBuildConfiguration;
			buildSettings = {
				ALWAYS_SEARCH_USER_PATHS = NO;
				ASSETCATALOG_COMPILER_GENERATE_SWIFT_ASSET_SYMBOL_EXTENSIONS = YES;
				CLANG_ANALYZER_NONNULL = YES;
				CLANG_ANALYZER_NUMBER_OBJECT_CONVERSION = YES_AGGRESSIVE;
				CLANG_CXX_LANGUAGE_STANDARD = "gnu++20";
				CLANG_ENABLE_MODULES = YES;
				CLANG_ENABLE_OBJC_ARC = YES;
				CLANG_ENABLE_OBJC_WEAK = YES;
				CLANG_WARN_BLOCK_CAPTURE_AUTORELEASING = YES;
				CLANG_WARN_BOOL_CONVERSION = YES;
				CLANG_WARN_COMMA = YES;
				CLANG_WARN_CONSTANT_CONVERSION = YES;
				CLANG_WARN_DEPRECATED_OBJC_IMPLEMENTATIONS = YES;
				CLANG_WARN_DIRECT_OBJC_ISA_USAGE = YES_ERROR;
				CLANG_WARN_DOCUMENTATION_COMMENTS = YES;
				CLANG_WARN_EMPTY_BODY = YES;
				CLANG_WARN_ENUM_CONVERSION = YES;
				CLANG_WARN_INFINITE_RECURSION = YES;
				CLANG_WARN_INT_CONVERSION = YES;
				CLANG_WARN_NON_LITERAL_NULL_CONVERSION = YES;
				CLANG_WARN_OBJC_IMPLICIT_RETAIN_SELF = YES;
				CLANG_WARN_OBJC_LITERAL_CONVERSION = YES;
				CLANG_WARN_OBJC_ROOT_CLASS = YES_ERROR;
				CLANG_WARN_QUOTED_INCLUDE_IN_FRAMEWORK_HEADER = YES;
				CLANG_WARN_RANGE_LOOP_ANALYSIS = YES;
				CLANG_WARN_STRICT_PROTOTYPES = YES;
				CLANG_WARN_SUSPICIOUS_MOVE = YES;
				CLANG_WARN_UNGUARDED_AVAILABILITY = YES_AGGRESSIVE;
				CLANG_WARN_UNREACHABLE_CODE = YES;
				CLANG_WARN__DUPLICATE_METHOD_MATCH = YES;
				COPY_PHASE_STRIP = NO;
				DEBUG_INFORMATION_FORMAT = dwarf;
				DEVELOPMENT_TEAM = XFXK72ST27;
				ENABLE_STRICT_OBJC_MSGSEND = YES;
				ENABLE_TESTABILITY = YES;
				ENABLE_USER_SCRIPT_SANDBOXING = YES;
				GCC_C_LANGUAGE_STANDARD = gnu17;
				GCC_DYNAMIC_NO_PIC = NO;
				GCC_NO_COMMON_BLOCKS = YES;
				GCC_OPTIMIZATION_LEVEL = 0;
				GCC_PREPROCESSOR_DEFINITIONS = (
					"DEBUG=1",
					"$(inherited)",
				);
				GCC_WARN_64_TO_32_BIT_CONVERSION = YES;
				GCC_WARN_ABOUT_RETURN_TYPE = YES_ERROR;
				GCC_WARN_UNDECLARED_SELECTOR = YES;
				GCC_WARN_UNINITIALIZED_AUTOS = YES_AGGRESSIVE;
				GCC_WARN_UNUSED_FUNCTION = YES;
				GCC_WARN_UNUSED_VARIABLE = YES;
				IPHONEOS_DEPLOYMENT_TARGET = 18.5;
				LOCALIZATION_PREFERS_STRING_CATALOGS = YES;
				MTL_ENABLE_DEBUG_INFO = INCLUDE_SOURCE;
				MTL_FAST_MATH = YES;
				ONLY_ACTIVE_ARCH = YES;
				SDKROOT = iphoneos;
				SWIFT_ACTIVE_COMPILATION_CONDITIONS = "DEBUG $(inherited)";
				SWIFT_OPTIMIZATION_LEVEL = "-Onone";
			};
			name = Debug;
		};
		AECED5962EBEF8FC001ACEAA /* Release */ = {
			isa = XCBuildConfiguration;
			buildSettings = {
				ALWAYS_SEARCH_USER_PATHS = NO;
				ASSETCATALOG_COMPILER_GENERATE_SWIFT_ASSET_SYMBOL_EXTENSIONS = YES;
				CLANG_ANALYZER_NONNULL = YES;
				CLANG_ANALYZER_NUMBER_OBJECT_CONVERSION = YES_AGGRESSIVE;
				CLANG_CXX_LANGUAGE_STANDARD = "gnu++20";
				CLANG_ENABLE_MODULES = YES;
				CLANG_ENABLE_OBJC_ARC = YES;
				CLANG_ENABLE_OBJC_WEAK = YES;
				CLANG_WARN_BLOCK_CAPTURE_AUTORELEASING = YES;
				CLANG_WARN_BOOL_CONVERSION = YES;
				CLANG_WARN_COMMA = YES;
				CLANG_WARN_CONSTANT_CONVERSION = YES;
				CLANG_WARN_DEPRECATED_OBJC_IMPLEMENTATIONS = YES;
				CLANG_WARN_DIRECT_OBJC_ISA_USAGE = YES_ERROR;
				CLANG_WARN_DOCUMENTATION_COMMENTS = YES;
				CLANG_WARN_EMPTY_BODY = YES;
				CLANG_WARN_ENUM_CONVERSION = YES;
				CLANG_WARN_INFINITE_RECURSION = YES;
				CLANG_WARN_INT_CONVERSION = YES;
				CLANG_WARN_NON_LITERAL_NULL_CONVERSION = YES;
				CLANG_WARN_OBJC_IMPLICIT_RETAIN_SELF = YES;
				CLANG_WARN_OBJC_LITERAL_CONVERSION = YES;
				CLANG_WARN_OBJC_ROOT_CLASS = YES_ERROR;
				CLANG_WARN_QUOTED_INCLUDE_IN_FRAMEWORK_HEADER = YES;
				CLANG_WARN_RANGE_LOOP_ANALYSIS = YES;
				CLANG_WARN_STRICT_PROTOTYPES = YES;
				CLANG_WARN_SUSPICIOUS_MOVE = YES;
				CLANG_WARN_UNGUARDED_AVAILABILITY = YES_AGGRESSIVE;
				CLANG_WARN_UNREACHABLE_CODE = YES;
				CLANG_WARN__DUPLICATE_METHOD_MATCH = YES;
				COPY_PHASE_STRIP = NO;
				DEBUG_INFORMATION_FORMAT = "dwarf-with-dsym";
				DEVELOPMENT_TEAM = XFXK72ST27;
				ENABLE_NS_ASSERTIONS = NO;
				ENABLE_STRICT_OBJC_MSGSEND = YES;
				ENABLE_USER_SCRIPT_SANDBOXING = YES;
				GCC_C_LANGUAGE_STANDARD = gnu17;
				GCC_NO_COMMON_BLOCKS = YES;
				GCC_WARN_64_TO_32_BIT_CONVERSION = YES;
				GCC_WARN_ABOUT_RETURN_TYPE = YES_ERROR;
				GCC_WARN_UNDECLARED_SELECTOR = YES;
				GCC_WARN_UNINITIALIZED_AUTOS = YES_AGGRESSIVE;
				GCC_WARN_UNUSED_FUNCTION = YES;
				GCC_WARN_UNUSED_VARIABLE = YES;
				IPHONEOS_DEPLOYMENT_TARGET = 18.5;
				LOCALIZATION_PREFERS_STRING_CATALOGS = YES;
				MTL_ENABLE_DEBUG_INFO = NO;
				MTL_FAST_MATH = YES;
				SDKROOT = iphoneos;
				SWIFT_COMPILATION_MODE = wholemodule;
				VALIDATE_PRODUCT = YES;
			};
			name = Release;
		};
		AECED5982EBEF8FC001ACEAA /* Debug */ = {
			isa = XCBuildConfiguration;
			buildSettings = {
				ASSETCATALOG_COMPILER_APPICON_NAME = AppIcon;
				ASSETCATALOG_COMPILER_GLOBAL_ACCENT_COLOR_NAME = AccentColor;
				CODE_SIGN_STYLE = Automatic;
				CURRENT_PROJECT_VERSION = 1;
				DEVELOPMENT_TEAM = XFXK72ST27;
				ENABLE_PREVIEWS = YES;
				GENERATE_INFOPLIST_FILE = NO;
				INFOPLIST_FILE = Info.plist;
				INFOPLIST_KEY_UIApplicationSceneManifest_Generation = YES;
				INFOPLIST_KEY_UIApplicationSupportsIndirectInputEvents = YES;
				INFOPLIST_KEY_UILaunchScreen_Generation = YES;
				INFOPLIST_KEY_UISupportedInterfaceOrientations_iPad = "UIInterfaceOrientationPortrait UIInterfaceOrientationPortraitUpsideDown UIInterfaceOrientationLandscapeLeft UIInterfaceOrientationLandscapeRight";
				INFOPLIST_KEY_UISupportedInterfaceOrientations_iPhone = "UIInterfaceOrientationPortrait UIInterfaceOrientationLandscapeLeft UIInterfaceOrientationLandscapeRight";
				LD_RUNPATH_SEARCH_PATHS = (
					"$(inherited)",
					"@executable_path/Frameworks",
				);
				MARKETING_VERSION = 1.0;
				PRODUCT_BUNDLE_IDENTIFIER = aysersHobbies.emptyMyInbox;
				PRODUCT_NAME = "$(TARGET_NAME)";
				SWIFT_EMIT_LOC_STRINGS = YES;
				SWIFT_VERSION = 5.0;
				TARGETED_DEVICE_FAMILY = "1,2";
			};
			name = Debug;
		};
		AECED5992EBEF8FC001ACEAA /* Release */ = {
			isa = XCBuildConfiguration;
			buildSettings = {
				ASSETCATALOG_COMPILER_APPICON_NAME = AppIcon;
				ASSETCATALOG_COMPILER_GLOBAL_ACCENT_COLOR_NAME = AccentColor;
				CODE_SIGN_STYLE = Automatic;
				CURRENT_PROJECT_VERSION = 1;
				DEVELOPMENT_TEAM = XFXK72ST27;
				ENABLE_PREVIEWS = YES;
				GENERATE_INFOPLIST_FILE = NO;
				INFOPLIST_FILE = Info.plist;
				INFOPLIST_KEY_UIApplicationSceneManifest_Generation = YES;
				INFOPLIST_KEY_UIApplicationSupportsIndirectInputEvents = YES;
				INFOPLIST_KEY_UILaunchScreen_Generation = YES;
				INFOPLIST_KEY_UISupportedInterfaceOrientations_iPad = "UIInterfaceOrientationPortrait UIInterfaceOrientationPortraitUpsideDown UIInterfaceOrientationLandscapeLeft UIInterfaceOrientationLandscapeRight";
				INFOPLIST_KEY_UISupportedInterfaceOrientations_iPhone = "UIInterfaceOrientationPortrait UIInterfaceOrientationLandscapeLeft UIInterfaceOrientationLandscapeRight";
				LD_RUNPATH_SEARCH_PATHS = (
					"$(inherited)",
					"@executable_path/Frameworks",
				);
				MARKETING_VERSION = 1.0;
				PRODUCT_BUNDLE_IDENTIFIER = aysersHobbies.emptyMyInbox;
				PRODUCT_NAME = "$(TARGET_NAME)";
				SWIFT_EMIT_LOC_STRINGS = YES;
				SWIFT_VERSION = 5.0;
				TARGETED_DEVICE_FAMILY = "1,2";
			};
			name = Release;
		};
		AECED59B2EBEF8FC001ACEAA /* Debug */ = {
			isa = XCBuildConfiguration;
			buildSettings = {
				BUNDLE_LOADER = "$(TEST_HOST)";
				CODE_SIGN_STYLE = Automatic;
				CURRENT_PROJECT_VERSION = 1;
				DEVELOPMENT_TEAM = XFXK72ST27;
				GENERATE_INFOPLIST_FILE = YES;
				IPHONEOS_DEPLOYMENT_TARGET = 18.5;
				MARKETING_VERSION = 1.0;
				PRODUCT_BUNDLE_IDENTIFIER = aysersHobbies.emptyMyInboxTests;
				PRODUCT_NAME = "$(TARGET_NAME)";
				SWIFT_EMIT_LOC_STRINGS = NO;
				SWIFT_VERSION = 5.0;
				TARGETED_DEVICE_FAMILY = "1,2";
				TEST_HOST = "$(BUILT_PRODUCTS_DIR)/emptyMyInbox.app/$(BUNDLE_EXECUTABLE_FOLDER_PATH)/emptyMyInbox";
			};
			name = Debug;
		};
		AECED59C2EBEF8FC001ACEAA /* Release */ = {
			isa = XCBuildConfiguration;
			buildSettings = {
				BUNDLE_LOADER = "$(TEST_HOST)";
				CODE_SIGN_STYLE = Automatic;
				CURRENT_PROJECT_VERSION = 1;
				DEVELOPMENT_TEAM = XFXK72ST27;
				GENERATE_INFOPLIST_FILE = YES;
				IPHONEOS_DEPLOYMENT_TARGET = 18.5;
				MARKETING_VERSION = 1.0;
				PRODUCT_BUNDLE_IDENTIFIER = aysersHobbies.emptyMyInboxTests;
				PRODUCT_NAME = "$(TARGET_NAME)";
				SWIFT_EMIT_LOC_STRINGS = NO;
				SWIFT_VERSION = 5.0;
				TARGETED_DEVICE_FAMILY = "1,2";
				TEST_HOST = "$(BUILT_PRODUCTS_DIR)/emptyMyInbox.app/$(BUNDLE_EXECUTABLE_FOLDER_PATH)/emptyMyInbox";
			};
			name = Release;
		};
		AECED59E2EBEF8FC001ACEAA /* Debug */ = {
			isa = XCBuildConfiguration;
			buildSettings = {
				CODE_SIGN_STYLE = Automatic;
				CURRENT_PROJECT_VERSION = 1;
				DEVELOPMENT_TEAM = XFXK72ST27;
				GENERATE_INFOPLIST_FILE = YES;
				MARKETING_VERSION = 1.0;
				PRODUCT_BUNDLE_IDENTIFIER = aysersHobbies.emptyMyInboxUITests;
				PRODUCT_NAME = "$(TARGET_NAME)";
				SWIFT_EMIT_LOC_STRINGS = NO;
				SWIFT_VERSION = 5.0;
				TARGETED_DEVICE_FAMILY = "1,2";
				TEST_TARGET_NAME = emptyMyInbox;
			};
			name = Debug;
		};
		AECED59F2EBEF8FC001ACEAA /* Release */ = {
			isa = XCBuildConfiguration;
			buildSettings = {
				CODE_SIGN_STYLE = Automatic;
				CURRENT_PROJECT_VERSION = 1;
				DEVELOPMENT_TEAM = XFXK72ST27;
				GENERATE_INFOPLIST_FILE = YES;
				MARKETING_VERSION = 1.0;
				PRODUCT_BUNDLE_IDENTIFIER = aysersHobbies.emptyMyInboxUITests;
				PRODUCT_NAME = "$(TARGET_NAME)";
				SWIFT_EMIT_LOC_STRINGS = NO;
				SWIFT_VERSION = 5.0;
				TARGETED_DEVICE_FAMILY = "1,2";
				TEST_TARGET_NAME = emptyMyInbox;
			};
			name = Release;
		};
/* End XCBuildConfiguration section */

/* Begin XCConfigurationList section */
		AECED5712EBEF8FA001ACEAA /* Build configuration list for PBXProject "emptyMyInbox" */ = {
			isa = XCConfigurationList;
			buildConfigurations = (
				AECED5952EBEF8FC001ACEAA /* Debug */,
				AECED5962EBEF8FC001ACEAA /* Release */,
			);
			defaultConfigurationIsVisible = 0;
			defaultConfigurationName = Release;
		};
		AECED5972EBEF8FC001ACEAA /* Build configuration list for PBXNativeTarget "emptyMyInbox" */ = {
			isa = XCConfigurationList;
			buildConfigurations = (
				AECED5982EBEF8FC001ACEAA /* Debug */,
				AECED5992EBEF8FC001ACEAA /* Release */,
			);
			defaultConfigurationIsVisible = 0;
			defaultConfigurationName = Release;
		};
		AECED59A2EBEF8FC001ACEAA /* Build configuration list for PBXNativeTarget "emptyMyInboxTests" */ = {
			isa = XCConfigurationList;
			buildConfigurations = (
				AECED59B2EBEF8FC001ACEAA /* Debug */,
				AECED59C2EBEF8FC001ACEAA /* Release */,
			);
			defaultConfigurationIsVisible = 0;
			defaultConfigurationName = Release;
		};
		AECED59D2EBEF8FC001ACEAA /* Build configuration list for PBXNativeTarget "emptyMyInboxUITests" */ = {
			isa = XCConfigurationList;
			buildConfigurations = (
				AECED59E2EBEF8FC001ACEAA /* Debug */,
				AECED59F2EBEF8FC001ACEAA /* Release */,
			);
			defaultConfigurationIsVisible = 0;
			defaultConfigurationName = Release;
		};
/* End XCConfigurationList section */

/* Begin XCLocalSwiftPackageReference section */
		AEF000012EBEF8FC001ACEAA /* XCLocalSwiftPackageReference "EmptyMyInboxShared" */ = {
			isa = XCLocalSwiftPackageReference;
			relativePath = ../../Packages/EmptyMyInboxShared;
		};
/* End XCLocalSwiftPackageReference section */

/* Begin XCRemoteSwiftPackageReference section */
		AE09CE452ED911F6007A720C /* XCRemoteSwiftPackageReference "GoogleSignIn-iOS" */ = {
			isa = XCRemoteSwiftPackageReference;
			repositoryURL = "https://github.com/google/GoogleSignIn-iOS";
			requirement = {
				kind = upToNextMajorVersion;
				minimumVersion = 9.0.0;
			};
		};
/* End XCRemoteSwiftPackageReference section */

/* Begin XCSwiftPackageProductDependency section */
		AE09CE462ED911F6007A720C /* GoogleSignIn */ = {
			isa = XCSwiftPackageProductDependency;
			package = AE09CE452ED911F6007A720C /* XCRemoteSwiftPackageReference "GoogleSignIn-iOS" */;
			productName = GoogleSignIn;
		};
		AE09CE482ED911F6007A720C /* GoogleSignInSwift */ = {
			isa = XCSwiftPackageProductDependency;
			package = AE09CE452ED911F6007A720C /* XCRemoteSwiftPackageReference "GoogleSignIn-iOS" */;
			productName = GoogleSignInSwift;
		};
		AEF000022EBEF8FC001ACEAA /* EmptyMyInboxShared */ = {
			isa = XCSwiftPackageProductDependency;
			package = AEF000012EBEF8FC001ACEAA /* XCLocalSwiftPackageReference "EmptyMyInboxShared" */;
			productName = EmptyMyInboxShared;
		};
/* End XCSwiftPackageProductDependency section */
	};
	rootObject = AECED56E2EBEF8FA001ACEAA /* Project object */;
}
