// !$*UTF8*$!
{
	archiveVersion = 1;
	classes = {
	};
	objectVersion = 77;
	objects = {

/* Begin PBXContainerItemProxy section */
		AE4FCBD12F78CF860030E652 /* PBXContainerItemProxy */ = {
			isa = PBXContainerItemProxy;
			containerPortal = AE4FCBBB2F78CF850030E652 /* Project object */;
			proxyType = 1;
			remoteGlobalIDString = AE4FCBC22F78CF850030E652;
			remoteInfo = emptymyinboxdesktop;
		};
		AE4FCBDB2F78CF860030E652 /* PBXContainerItemProxy */ = {
			isa = PBXContainerItemProxy;
			containerPortal = AE4FCBBB2F78CF850030E652 /* Project object */;
			proxyType = 1;
			remoteGlobalIDString = AE4FCBC22F78CF850030E652;
			remoteInfo = emptymyinboxdesktop;
		};
/* End PBXContainerItemProxy section */

/* Begin PBXFileReference section */
		AE4FCBC32F78CF850030E652 /* emptymyinboxdesktop.app */ = {isa = PBXFileReference; explicitFileType = wrapper.application; includeInIndex = 0; path = emptymyinboxdesktop.app; sourceTree = BUILT_PRODUCTS_DIR; };
		AE4FCBD02F78CF860030E652 /* emptymyinboxdesktopTests.xctest */ = {isa = PBXFileReference; explicitFileType = wrapper.cfbundle; includeInIndex = 0; path = emptymyinboxdesktopTests.xctest; sourceTree = BUILT_PRODUCTS_DIR; };
		AE4FCBDA2F78CF860030E652 /* emptymyinboxdesktopUITests.xctest */ = {isa = PBXFileReference; explicitFileType = wrapper.cfbundle; includeInIndex = 0; path = emptymyinboxdesktopUITests.xctest; sourceTree = BUILT_PRODUCTS_DIR; };
/* End PBXFileReference section */

/* Begin PBXFileSystemSynchronizedRootGroup section */
		AE4FCBC52F78CF850030E652 /* emptymyinboxdesktop */ = {
			isa = PBXFileSystemSynchronizedRootGroup;
			path = emptymyinboxdesktop;
			sourceTree = "<group>";
		};
		AE4FCBD32F78CF860030E652 /* emptymyinboxdesktopTests */ = {
			isa = PBXFileSystemSynchronizedRootGroup;
			path = emptymyinboxdesktopTests;
			sourceTree = "<group>";
		};
		AE4FCBDD2F78CF860030E652 /* emptymyinboxdesktopUITests */ = {
			isa = PBXFileSystemSynchronizedRootGroup;
			path = emptymyinboxdesktopUITests;
			sourceTree = "<group>";
		};
/* End PBXFileSystemSynchronizedRootGroup section */

/* Begin PBXFrameworksBuildPhase section */
		AE4FCBC02F78CF850030E652 /* Frameworks */ = {
			isa = PBXFrameworksBuildPhase;
			buildActionMask = 2147483647;
			files = (
			);
			runOnlyForDeploymentPostprocessing = 0;
		};
		AE4FCBCD2F78CF860030E652 /* Frameworks */ = {
			isa = PBXFrameworksBuildPhase;
			buildActionMask = 2147483647;
			files = (
			);
			runOnlyForDeploymentPostprocessing = 0;
		};
		AE4FCBD72F78CF860030E652 /* Frameworks */ = {
			isa = PBXFrameworksBuildPhase;
			buildActionMask = 2147483647;
			files = (
			);
			runOnlyForDeploymentPostprocessing = 0;
		};
/* End PBXFrameworksBuildPhase section */

/* Begin PBXGroup section */
		AE4FCBBA2F78CF850030E652 = {
			isa = PBXGroup;
			children = (
				AE4FCBC52F78CF850030E652 /* emptymyinboxdesktop */,
				AE4FCBD32F78CF860030E652 /* emptymyinboxdesktopTests */,
				AE4FCBDD2F78CF860030E652 /* emptymyinboxdesktopUITests */,
				AE4FCBC42F78CF850030E652 /* Products */,
			);
			sourceTree = "<group>";
		};
		AE4FCBC42F78CF850030E652 /* Products */ = {
			isa = PBXGroup;
			children = (
				AE4FCBC32F78CF850030E652 /* emptymyinboxdesktop.app */,
				AE4FCBD02F78CF860030E652 /* emptymyinboxdesktopTests.xctest */,
				AE4FCBDA2F78CF860030E652 /* emptymyinboxdesktopUITests.xctest */,
			);
			name = Products;
			sourceTree = "<group>";
		};
/* End PBXGroup section */

/* Begin PBXNativeTarget section */
		AE4FCBC22F78CF850030E652 /* emptymyinboxdesktop */ = {
			isa = PBXNativeTarget;
			buildConfigurationList = AE4FCBE42F78CF870030E652 /* Build configuration list for PBXNativeTarget "emptymyinboxdesktop" */;
			buildPhases = (
				AE4FCBD12F78CF850030E652 /* Sync shared AppIcon from iOS */,
				AE4FCBBF2F78CF850030E652 /* Sources */,
				AE4FCBC02F78CF850030E652 /* Frameworks */,
				AE4FCBC12F78CF850030E652 /* Resources */,
			);
			buildRules = (
			);
			dependencies = (
			);
			fileSystemSynchronizedGroups = (
				AE4FCBC52F78CF850030E652 /* emptymyinboxdesktop */,
			);
			name = emptymyinboxdesktop;
			packageProductDependencies = (
			);
			productName = emptymyinboxdesktop;
			productReference = AE4FCBC32F78CF850030E652 /* emptymyinboxdesktop.app */;
			productType = "com.apple.product-type.application";
		};
		AE4FCBCF2F78CF860030E652 /* emptymyinboxdesktopTests */ = {
			isa = PBXNativeTarget;
			buildConfigurationList = AE4FCBE72F78CF870030E652 /* Build configuration list for PBXNativeTarget "emptymyinboxdesktopTests" */;
			buildPhases = (
				AE4FCBCC2F78CF860030E652 /* Sources */,
				AE4FCBCD2F78CF860030E652 /* Frameworks */,
				AE4FCBCE2F78CF860030E652 /* Resources */,
			);
			buildRules = (
			);
			dependencies = (
				AE4FCBD22F78CF860030E652 /* PBXTargetDependency */,
			);
			fileSystemSynchronizedGroups = (
				AE4FCBD32F78CF860030E652 /* emptymyinboxdesktopTests */,
			);
			name = emptymyinboxdesktopTests;
			packageProductDependencies = (
			);
			productName = emptymyinboxdesktopTests;
			productReference = AE4FCBD02F78CF860030E652 /* emptymyinboxdesktopTests.xctest */;
			productType = "com.apple.product-type.bundle.unit-test";
		};
		AE4FCBD92F78CF860030E652 /* emptymyinboxdesktopUITests */ = {
			isa = PBXNativeTarget;
			buildConfigurationList = AE4FCBEA2F78CF870030E652 /* Build configuration list for PBXNativeTarget "emptymyinboxdesktopUITests" */;
			buildPhases = (
				AE4FCBD62F78CF860030E652 /* Sources */,
				AE4FCBD72F78CF860030E652 /* Frameworks */,
				AE4FCBD82F78CF860030E652 /* Resources */,
			);
			buildRules = (
			);
			dependencies = (
				AE4FCBDC2F78CF860030E652 /* PBXTargetDependency */,
			);
			fileSystemSynchronizedGroups = (
				AE4FCBDD2F78CF860030E652 /* emptymyinboxdesktopUITests */,
			);
			name = emptymyinboxdesktopUITests;
			packageProductDependencies = (
			);
			productName = emptymyinboxdesktopUITests;
			productReference = AE4FCBDA2F78CF860030E652 /* emptymyinboxdesktopUITests.xctest */;
			productType = "com.apple.product-type.bundle.ui-testing";
		};
/* End PBXNativeTarget section */

/* Begin PBXShellScriptBuildPhase section */
		AE4FCBD12F78CF850030E652 /* Sync shared AppIcon from iOS */ = {
			isa = PBXShellScriptBuildPhase;
			alwaysOutOfDate = 1;
			buildActionMask = 2147483647;
			files = (
			);
			inputFileListPaths = (
			);
			inputPaths = (
			);
			name = "Sync shared AppIcon from iOS";
			outputFileListPaths = (
			);
			outputPaths = (
			);
			runOnlyForDeploymentPostprocessing = 0;
			shellPath = /bin/sh;
			shellScript = "set -e\nIOS_ASSETS=\"${SRCROOT}/../../iOS/emptyMyInbox/emptyMyInbox/Assets.xcassets\"\nMAC_ASSETS=\"${SRCROOT}/emptymyinboxdesktop/Assets.xcassets\"\nmkdir -p \"${MAC_ASSETS}\"\nrsync -a --delete \"${IOS_ASSETS}/AppIcon.appiconset/\" \"${MAC_ASSETS}/AppIcon.appiconset/\"\n";
		};
/* End PBXShellScriptBuildPhase section */

/* Begin PBXProject section */
		AE4FCBBB2F78CF850030E652 /* Project object */ = {
			isa = PBXProject;
			attributes = {
				BuildIndependentTargetsInParallel = 1;
				LastSwiftUpdateCheck = 2620;
				LastUpgradeCheck = 2620;
				TargetAttributes = {
					AE4FCBC22F78CF850030E652 = {
						CreatedOnToolsVersion = 26.2;
					};
					AE4FCBCF2F78CF860030E652 = {
						CreatedOnToolsVersion = 26.2;
						TestTargetID = AE4FCBC22F78CF850030E652;
					};
					AE4FCBD92F78CF860030E652 = {
						CreatedOnToolsVersion = 26.2;
						TestTargetID = AE4FCBC22F78CF850030E652;
					};
				};
			};
			buildConfigurationList = AE4FCBBE2F78CF850030E652 /* Build configuration list for PBXProject "emptymyinboxdesktop" */;
			developmentRegion = en;
			hasScannedForEncodings = 0;
			knownRegions = (
				en,
				Base,
			);
			mainGroup = AE4FCBBA2F78CF850030E652;
			minimizedProjectReferenceProxies = 1;
			preferredProjectObjectVersion = 77;
			productRefGroup = AE4FCBC42F78CF850030E652 /* Products */;
			projectDirPath = "";
			projectRoot = "";
			targets = (
				AE4FCBC22F78CF850030E652 /* emptymyinboxdesktop */,
				AE4FCBCF2F78CF860030E652 /* emptymyinboxdesktopTests */,
				AE4FCBD92F78CF860030E652 /* emptymyinboxdesktopUITests */,
			);
		};
/* End PBXProject section */

/* Begin PBXResourcesBuildPhase section */
		AE4FCBC12F78CF850030E652 /* Resources */ = {
			isa = PBXResourcesBuildPhase;
			buildActionMask = 2147483647;
			files = (
			);
			runOnlyForDeploymentPostprocessing = 0;
		};
		AE4FCBCE2F78CF860030E652 /* Resources */ = {
			isa = PBXResourcesBuildPhase;
			buildActionMask = 2147483647;
			files = (
			);
			runOnlyForDeploymentPostprocessing = 0;
		};
		AE4FCBD82F78CF860030E652 /* Resources */ = {
			isa = PBXResourcesBuildPhase;
			buildActionMask = 2147483647;
			files = (
			);
			runOnlyForDeploymentPostprocessing = 0;
		};
/* End PBXResourcesBuildPhase section */

/* Begin PBXSourcesBuildPhase section */
		AE4FCBBF2F78CF850030E652 /* Sources */ = {
			isa = PBXSourcesBuildPhase;
			buildActionMask = 2147483647;
			files = (
			);
			runOnlyForDeploymentPostprocessing = 0;
		};
		AE4FCBCC2F78CF860030E652 /* Sources */ = {
			isa = PBXSourcesBuildPhase;
			buildActionMask = 2147483647;
			files = (
			);
			runOnlyForDeploymentPostprocessing = 0;
		};
		AE4FCBD62F78CF860030E652 /* Sources */ = {
			isa = PBXSourcesBuildPhase;
			buildActionMask = 2147483647;
			files = (
			);
			runOnlyForDeploymentPostprocessing = 0;
		};
/* End PBXSourcesBuildPhase section */

/* Begin PBXTargetDependency section */
		AE4FCBD22F78CF860030E652 /* PBXTargetDependency */ = {
			isa = PBXTargetDependency;
			target = AE4FCBC22F78CF850030E652 /* emptymyinboxdesktop */;
			targetProxy = AE4FCBD12F78CF860030E652 /* PBXContainerItemProxy */;
		};
		AE4FCBDC2F78CF860030E652 /* PBXTargetDependency */ = {
			isa = PBXTargetDependency;
			target = AE4FCBC22F78CF850030E652 /* emptymyinboxdesktop */;
			targetProxy = AE4FCBDB2F78CF860030E652 /* PBXContainerItemProxy */;
		};
/* End PBXTargetDependency section */

/* Begin XCBuildConfiguration section */
		AE4FCBE22F78CF870030E652 /* Debug */ = {
			isa = XCBuildConfiguration;
			buildSettings = {
				ALWAYS_SEARCH_USER_PATHS = NO;
				ASSETCATALOG_COMPILER_GENERATE_SWIFT_ASSET_SYMBOL_EXTENSIONS = YES;
				CLANG_ANALYZER_NONNULL = YES;
				CLANG_ANALYZER_NUMBER_OBJECT_CONVERSION = YES_AGGRESSIVE;
				CLANG_CXX_LANGUAGE_STANDARD = "gnu++20";
				CLANG_ENABLE_MODULES = YES;
				CLANG_ENABLE_OBJC_ARC = YES;
				CLANG_ENABLE_OBJC_WEAK = YES;
				CLANG_WARN_BLOCK_CAPTURE_AUTORELEASING = YES;
				CLANG_WARN_BOOL_CONVERSION = YES;
				CLANG_WARN_COMMA = YES;
				CLANG_WARN_CONSTANT_CONVERSION = YES;
				CLANG_WARN_DEPRECATED_OBJC_IMPLEMENTATIONS = YES;
				CLANG_WARN_DIRECT_OBJC_ISA_USAGE = YES_ERROR;
				CLANG_WARN_DOCUMENTATION_COMMENTS = YES;
				CLANG_WARN_EMPTY_BODY = YES;
				CLANG_WARN_ENUM_CONVERSION = YES;
				CLANG_WARN_INFINITE_RECURSION = YES;
				CLANG_WARN_INT_CONVERSION = YES;
				CLANG_WARN_NON_LITERAL_NULL_CONVERSION = YES;
				CLANG_WARN_OBJC_IMPLICIT_RETAIN_SELF = YES;
				CLANG_WARN_OBJC_LITERAL_CONVERSION = YES;
				CLANG_WARN_OBJC_ROOT_CLASS = YES_ERROR;
				CLANG_WARN_QUOTED_INCLUDE_IN_FRAMEWORK_HEADER = YES;
				CLANG_WARN_RANGE_LOOP_ANALYSIS = YES;
				CLANG_WARN_STRICT_PROTOTYPES = YES;
				CLANG_WARN_SUSPICIOUS_MOVE = YES;
				CLANG_WARN_UNGUARDED_AVAILABILITY = YES_AGGRESSIVE;
				CLANG_WARN_UNREACHABLE_CODE = YES;
				CLANG_WARN__DUPLICATE_METHOD_MATCH = YES;
				COPY_PHASE_STRIP = NO;
				DEBUG_INFORMATION_FORMAT = dwarf;
				DEVELOPMENT_TEAM = XFXK72ST27;
				ENABLE_STRICT_OBJC_MSGSEND = YES;
				ENABLE_TESTABILITY = YES;
				ENABLE_USER_SCRIPT_SANDBOXING = NO;
				GCC_C_LANGUAGE_STANDARD = gnu17;
				GCC_DYNAMIC_NO_PIC = NO;
				GCC_NO_COMMON_BLOCKS = YES;
				GCC_OPTIMIZATION_LEVEL = 0;
				GCC_PREPROCESSOR_DEFINITIONS = (
					"DEBUG=1",
					"$(inherited)",
				);
				GCC_WARN_64_TO_32_BIT_CONVERSION = YES;
				GCC_WARN_ABOUT_RETURN_TYPE = YES_ERROR;
				GCC_WARN_UNDECLARED_SELECTOR = YES;
				GCC_WARN_UNINITIALIZED_AUTOS = YES_AGGRESSIVE;
				GCC_WARN_UNUSED_FUNCTION = YES;
				GCC_WARN_UNUSED_VARIABLE = YES;
				LOCALIZATION_PREFERS_STRING_CATALOGS = YES;
				MACOSX_DEPLOYMENT_TARGET = 26.2;
				MTL_ENABLE_DEBUG_INFO = INCLUDE_SOURCE;
				MTL_FAST_MATH = YES;
				ONLY_ACTIVE_ARCH = YES;
				SDKROOT = macosx;
				SWIFT_ACTIVE_COMPILATION_CONDITIONS = "DEBUG $(inherited)";
				SWIFT_OPTIMIZATION_LEVEL = "-Onone";
			};
			name = Debug;
		};
		AE4FCBE32F78CF870030E652 /* Release */ = {
			isa = XCBuildConfiguration;
			buildSettings = {
				ALWAYS_SEARCH_USER_PATHS = NO;
				ASSETCATALOG_COMPILER_GENERATE_SWIFT_ASSET_SYMBOL_EXTENSIONS = YES;
				CLANG_ANALYZER_NONNULL = YES;
				CLANG_ANALYZER_NUMBER_OBJECT_CONVERSION = YES_AGGRESSIVE;
				CLANG_CXX_LANGUAGE_STANDARD = "gnu++20";
				CLANG_ENABLE_MODULES = YES;
				CLANG_ENABLE_OBJC_ARC = YES;
				CLANG_ENABLE_OBJC_WEAK = YES;
				CLANG_WARN_BLOCK_CAPTURE_AUTORELEASING = YES;
				CLANG_WARN_BOOL_CONVERSION = YES;
				CLANG_WARN_COMMA = YES;
				CLANG_WARN_CONSTANT_CONVERSION = YES;
				CLANG_WARN_DEPRECATED_OBJC_IMPLEMENTATIONS = YES;
				CLANG_WARN_DIRECT_OBJC_ISA_USAGE = YES_ERROR;
				CLANG_WARN_DOCUMENTATION_COMMENTS = YES;
				CLANG_WARN_EMPTY_BODY = YES;
				CLANG_WARN_ENUM_CONVERSION = YES;
				CLANG_WARN_INFINITE_RECURSION = YES;
				CLANG_WARN_INT_CONVERSION = YES;
				CLANG_WARN_NON_LITERAL_NULL_CONVERSION = YES;
				CLANG_WARN_OBJC_IMPLICIT_RETAIN_SELF = YES;
				CLANG_WARN_OBJC_LITERAL_CONVERSION = YES;
				CLANG_WARN_OBJC_ROOT_CLASS = YES_ERROR;
				CLANG_WARN_QUOTED_INCLUDE_IN_FRAMEWORK_HEADER = YES;
				CLANG_WARN_RANGE_LOOP_ANALYSIS = YES;
				CLANG_WARN_STRICT_PROTOTYPES = YES;
				CLANG_WARN_SUSPICIOUS_MOVE = YES;
				CLANG_WARN_UNGUARDED_AVAILABILITY = YES_AGGRESSIVE;
				CLANG_WARN_UNREACHABLE_CODE = YES;
				CLANG_WARN__DUPLICATE_METHOD_MATCH = YES;
				COPY_PHASE_STRIP = NO;
				DEBUG_INFORMATION_FORMAT = "dwarf-with-dsym";
				DEVELOPMENT_TEAM = XFXK72ST27;
				ENABLE_NS_ASSERTIONS = NO;
				ENABLE_STRICT_OBJC_MSGSEND = YES;
				ENABLE_USER_SCRIPT_SANDBOXING = NO;
				GCC_C_LANGUAGE_STANDARD = gnu17;
				GCC_NO_COMMON_BLOCKS = YES;
				GCC_WARN_64_TO_32_BIT_CONVERSION = YES;
				GCC_WARN_ABOUT_RETURN_TYPE = YES_ERROR;
				GCC_WARN_UNDECLARED_SELECTOR = YES;
				GCC_WARN_UNINITIALIZED_AUTOS = YES_AGGRESSIVE;
				GCC_WARN_UNUSED_FUNCTION = YES;
				GCC_WARN_UNUSED_VARIABLE = YES;
				LOCALIZATION_PREFERS_STRING_CATALOGS = YES;
				MACOSX_DEPLOYMENT_TARGET = 26.2;
				MTL_ENABLE_DEBUG_INFO = NO;
				MTL_FAST_MATH = YES;
				SDKROOT = macosx;
				SWIFT_COMPILATION_MODE = wholemodule;
			};
			name = Release;
		};
		AE4FCBE52F78CF870030E652 /* Debug */ = {
			isa = XCBuildConfiguration;
			buildSettings = {
				ASSETCATALOG_COMPILER_APPICON_NAME = AppIcon;
				ASSETCATALOG_COMPILER_GLOBAL_ACCENT_COLOR_NAME = AccentColor;
				CODE_SIGN_STYLE = Automatic;
				COMBINE_HIDPI_IMAGES = YES;
				CURRENT_PROJECT_VERSION = 1;
				DEVELOPMENT_TEAM = XFXK72ST27;
				ENABLE_APP_SANDBOX = YES;
				ENABLE_HARDENED_RUNTIME = YES;
				ENABLE_PREVIEWS = YES;
				ENABLE_USER_SELECTED_FILES = readonly;
				GENERATE_INFOPLIST_FILE = YES;
				INFOPLIST_KEY_NSHumanReadableCopyright = "";
				LD_RUNPATH_SEARCH_PATHS = (
					"$(inherited)",
					"@executable_path/../Frameworks",
				);
				MARKETING_VERSION = 1.0;
				PRODUCT_BUNDLE_IDENTIFIER = aysersHobbies.emptymyinboxdesktop;
				PRODUCT_NAME = "$(TARGET_NAME)";
				REGISTER_APP_GROUPS = YES;
				STRING_CATALOG_GENERATE_SYMBOLS = YES;
				SWIFT_APPROACHABLE_CONCURRENCY = YES;
				SWIFT_DEFAULT_ACTOR_ISOLATION = MainActor;
				SWIFT_EMIT_LOC_STRINGS = YES;
				SWIFT_UPCOMING_FEATURE_MEMBER_IMPORT_VISIBILITY = YES;
				SWIFT_VERSION = 5.0;
			};
			name = Debug;
		};
		AE4FCBE62F78CF870030E652 /* Release */ = {
			isa = XCBuildConfiguration;
			buildSettings = {
				ASSETCATALOG_COMPILER_APPICON_NAME = AppIcon;
				ASSETCATALOG_COMPILER_GLOBAL_ACCENT_COLOR_NAME = AccentColor;
				CODE_SIGN_STYLE = Automatic;
				COMBINE_HIDPI_IMAGES = YES;
				CURRENT_PROJECT_VERSION = 1;
				DEVELOPMENT_TEAM = XFXK72ST27;
				ENABLE_APP_SANDBOX = YES;
				ENABLE_HARDENED_RUNTIME = YES;
				ENABLE_PREVIEWS = YES;
				ENABLE_USER_SELECTED_FILES = readonly;
				GENERATE_INFOPLIST_FILE = YES;
				INFOPLIST_KEY_NSHumanReadableCopyright = "";
				LD_RUNPATH_SEARCH_PATHS = (
					"$(inherited)",
					"@executable_path/../Frameworks",
				);
				MARKETING_VERSION = 1.0;
				PRODUCT_BUNDLE_IDENTIFIER = aysersHobbies.emptymyinboxdesktop;
				PRODUCT_NAME = "$(TARGET_NAME)";
				REGISTER_APP_GROUPS = YES;
				STRING_CATALOG_GENERATE_SYMBOLS = YES;
				SWIFT_APPROACHABLE_CONCURRENCY = YES;
				SWIFT_DEFAULT_ACTOR_ISOLATION = MainActor;
				SWIFT_EMIT_LOC_STRINGS = YES;
				SWIFT_UPCOMING_FEATURE_MEMBER_IMPORT_VISIBILITY = YES;
				SWIFT_VERSION = 5.0;
			};
			name = Release;
		};
		AE4FCBE82F78CF870030E652 /* Debug */ = {
			isa = XCBuildConfiguration;
			buildSettings = {
				BUNDLE_LOADER = "$(TEST_HOST)";
				CODE_SIGN_STYLE = Automatic;
				CURRENT_PROJECT_VERSION = 1;
				DEVELOPMENT_TEAM = XFXK72ST27;
				GENERATE_INFOPLIST_FILE = YES;
				MACOSX_DEPLOYMENT_TARGET = 26.2;
				MARKETING_VERSION = 1.0;
				PRODUCT_BUNDLE_IDENTIFIER = aysersHobbies.emptymyinboxdesktopTests;
				PRODUCT_NAME = "$(TARGET_NAME)";
				STRING_CATALOG_GENERATE_SYMBOLS = NO;
				SWIFT_APPROACHABLE_CONCURRENCY = YES;
				SWIFT_EMIT_LOC_STRINGS = NO;
				SWIFT_UPCOMING_FEATURE_MEMBER_IMPORT_VISIBILITY = YES;
				SWIFT_VERSION = 5.0;
				TEST_HOST = "$(BUILT_PRODUCTS_DIR)/emptymyinboxdesktop.app/$(BUNDLE_EXECUTABLE_FOLDER_PATH)/emptymyinboxdesktop";
			};
			name = Debug;
		};
		AE4FCBE92F78CF870030E652 /* Release */ = {
			isa = XCBuildConfiguration;
			buildSettings = {
				BUNDLE_LOADER = "$(TEST_HOST)";
				CODE_SIGN_STYLE = Automatic;
				CURRENT_PROJECT_VERSION = 1;
				DEVELOPMENT_TEAM = XFXK72ST27;
				GENERATE_INFOPLIST_FILE = YES;
				MACOSX_DEPLOYMENT_TARGET = 26.2;
				MARKETING_VERSION = 1.0;
				PRODUCT_BUNDLE_IDENTIFIER = aysersHobbies.emptymyinboxdesktopTests;
				PRODUCT_NAME = "$(TARGET_NAME)";
				STRING_CATALOG_GENERATE_SYMBOLS = NO;
				SWIFT_APPROACHABLE_CONCURRENCY = YES;
				SWIFT_EMIT_LOC_STRINGS = NO;
				SWIFT_UPCOMING_FEATURE_MEMBER_IMPORT_VISIBILITY = YES;
				SWIFT_VERSION = 5.0;
				TEST_HOST = "$(BUILT_PRODUCTS_DIR)/emptymyinboxdesktop.app/$(BUNDLE_EXECUTABLE_FOLDER_PATH)/emptymyinboxdesktop";
			};
			name = Release;
		};
		AE4FCBEB2F78CF870030E652 /* Debug */ = {
			isa = XCBuildConfiguration;
			buildSettings = {
				CODE_SIGN_STYLE = Automatic;
				CURRENT_PROJECT_VERSION = 1;
				DEVELOPMENT_TEAM = XFXK72ST27;
				GENERATE_INFOPLIST_FILE = YES;
				MARKETING_VERSION = 1.0;
				PRODUCT_BUNDLE_IDENTIFIER = aysersHobbies.emptymyinboxdesktopUITests;
				PRODUCT_NAME = "$(TARGET_NAME)";
				STRING_CATALOG_GENERATE_SYMBOLS = NO;
				SWIFT_APPROACHABLE_CONCURRENCY = YES;
				SWIFT_EMIT_LOC_STRINGS = NO;
				SWIFT_UPCOMING_FEATURE_MEMBER_IMPORT_VISIBILITY = YES;
				SWIFT_VERSION = 5.0;
				TEST_TARGET_NAME = emptymyinboxdesktop;
			};
			name = Debug;
		};
		AE4FCBEC2F78CF870030E652 /* Release */ = {
			isa = XCBuildConfiguration;
			buildSettings = {
				CODE_SIGN_STYLE = Automatic;
				CURRENT_PROJECT_VERSION = 1;
				DEVELOPMENT_TEAM = XFXK72ST27;
				GENERATE_INFOPLIST_FILE = YES;
				MARKETING_VERSION = 1.0;
				PRODUCT_BUNDLE_IDENTIFIER = aysersHobbies.emptymyinboxdesktopUITests;
				PRODUCT_NAME = "$(TARGET_NAME)";
				STRING_CATALOG_GENERATE_SYMBOLS = NO;
				SWIFT_APPROACHABLE_CONCURRENCY = YES;
				SWIFT_EMIT_LOC_STRINGS = NO;
				SWIFT_UPCOMING_FEATURE_MEMBER_IMPORT_VISIBILITY = YES;
				SWIFT_VERSION = 5.0;
				TEST_TARGET_NAME = emptymyinboxdesktop;
			};
			name = Release;
		};
/* End XCBuildConfiguration section */

/* Begin XCConfigurationList section */
		AE4FCBBE2F78CF850030E652 /* Build configuration list for PBXProject "emptymyinboxdesktop" */ = {
			isa = XCConfigurationList;
			buildConfigurations = (
				AE4FCBE22F78CF870030E652 /* Debug */,
				AE4FCBE32F78CF870030E652 /* Release */,
			);
			defaultConfigurationIsVisible = 0;
			defaultConfigurationName = Release;
		};
		AE4FCBE42F78CF870030E652 /* Build configuration list for PBXNativeTarget "emptymyinboxdesktop" */ = {
			isa = XCConfigurationList;
			buildConfigurations = (
				AE4FCBE52F78CF870030E652 /* Debug */,
				AE4FCBE62F78CF870030E652 /* Release */,
			);
			defaultConfigurationIsVisible = 0;
			defaultConfigurationName = Release;
		};
		AE4FCBE72F78CF870030E652 /* Build configuration list for PBXNativeTarget "emptymyinboxdesktopTests" */ = {
			isa = XCConfigurationList;
			buildConfigurations = (
				AE4FCBE82F78CF870030E652 /* Debug */,
				AE4FCBE92F78CF870030E652 /* Release */,
			);
			defaultConfigurationIsVisible = 0;
			defaultConfigurationName = Release;
		};
		AE4FCBEA2F78CF870030E652 /* Build configuration list for PBXNativeTarget "emptymyinboxdesktopUITests" */ = {
			isa = XCConfigurationList;
			buildConfigurations = (
				AE4FCBEB2F78CF870030E652 /* Debug */,
				AE4FCBEC2F78CF870030E652 /* Release */,
			);
			defaultConfigurationIsVisible = 0;
			defaultConfigurationName = Release;
		};
/* End XCConfigurationList section */
	};
	rootObject = AE4FCBBB2F78CF850030E652 /* Project object */;
}
